
Microsoft Visual Studio Solution File, Format Version 12.00
# Visual Studio Version 17
VisualStudioVersion = 17.7.34202.233
MinimumVisualStudioVersion = 10.0.40219.1
Project("{9A19103F-16F7-4668-BE54-9A1E7A4F7556}") = "ApiPeliculas", "ApiPeliculas\ApiPeliculas.csproj", "{C7F6E240-9053-4594-8CAD-4FC341230918}"
EndProject
Project("{2150E333-8FDC-42A3-9474-1A3956D46DE8}") = "Solution Items", "Solution Items", "{1B71A2CB-6065-42B9-A01C-D57E300EE1B0}"
	ProjectSection(SolutionItems) = preProject
		.editorconfig = .editorconfig
	EndProjectSection
EndProject
Global
	GlobalSection(SolutionConfigurationPlatforms) = preSolution
		Debug|Any CPU = Debug|Any CPU
		Release|Any CPU = Release|Any CPU
	EndGlobalSection
	GlobalSection(ProjectConfigurationPlatforms) = postSolution
		{C7F6E240-9053-4594-8CAD-4FC341230918}.Debug|Any CPU.ActiveCfg = Debug|Any CPU
		{C7F6E240-9053-4594-8CAD-4FC341230918}.Debug|Any CPU.Build.0 = Debug|Any CPU
		{C7F6E240-9053-4594-8CAD-4FC341230918}.Release|Any CPU.ActiveCfg = Release|Any CPU
		{C7F6E240-9053-4594-8CAD-4FC341230918}.Release|Any CPU.Build.0 = Release|Any CPU
	EndGlobalSection
	GlobalSection(SolutionProperties) = preSolution
		HideSolutionNode = FALSE
	EndGlobalSection
	GlobalSection(ExtensibilityGlobals) = postSolution
		SolutionGuid = {499DA7EF-2A93-4BDA-9915-E50F27743758}
	EndGlobalSection
EndGlobal
